// !$*UTF8*$!
{
	archiveVersion = 1;
	classes = {
	};
	objectVersion = 46;
	objects = {

/* Begin PBXBuildFile section */
		08C6C3721CF0DD9C00D4F36C /* AppDelegate.swift in Sources */ = {isa = PBXBuildFile; fileRef = 08C6C3711CF0DD9C00D4F36C /* AppDelegate.swift */; };
		08C6C3741CF0DD9C00D4F36C /* ViewController.swift in Sources */ = {isa = PBXBuildFile; fileRef = 08C6C3731CF0DD9C00D4F36C /* ViewController.swift */; };
		08C6C3771CF0DD9C00D4F36C /* Main.storyboard in Resources */ = {isa = PBXBuildFile; fileRef = 08C6C3751CF0DD9C00D4F36C /* Main.storyboard */; };
		08C6C37A1CF0DD9C00D4F36C /* AppsCatalog.xcdatamodeld in Sources */ = {isa = PBXBuildFile; fileRef = 08C6C3781CF0DD9C00D4F36C /* AppsCatalog.xcdatamodeld */; };
		08C6C37C1CF0DD9C00D4F36C /* Assets.xcassets in Resources */ = {isa = PBXBuildFile; fileRef = 08C6C37B1CF0DD9C00D4F36C /* Assets.xcassets */; };
		08C6C37F1CF0DD9C00D4F36C /* LaunchScreen.storyboard in Resources */ = {isa = PBXBuildFile; fileRef = 08C6C37D1CF0DD9C00D4F36C /* LaunchScreen.storyboard */; };
		08C6C38A1CF0DD9C00D4F36C /* AppsCatalogTests.swift in Sources */ = {isa = PBXBuildFile; fileRef = 08C6C3891CF0DD9C00D4F36C /* AppsCatalogTests.swift */; };
		08C6C3951CF0DD9D00D4F36C /* AppsCatalogUITests.swift in Sources */ = {isa = PBXBuildFile; fileRef = 08C6C3941CF0DD9D00D4F36C /* AppsCatalogUITests.swift */; };
		08C6C3A51CF20EDD00D4F36C /* CategoryListModel.swift in Sources */ = {isa = PBXBuildFile; fileRef = 08C6C3A41CF20EDD00D4F36C /* CategoryListModel.swift */; };
		08C6C3A71CF2119800D4F36C /* CategoryListViewInterface.swift in Sources */ = {isa = PBXBuildFile; fileRef = 08C6C3A61CF2119800D4F36C /* CategoryListViewInterface.swift */; };
		08C6C3A91CF222C100D4F36C /* CategoryListInteractor.swift in Sources */ = {isa = PBXBuildFile; fileRef = 08C6C3A81CF222C100D4F36C /* CategoryListInteractor.swift */; };
		08C6C3AB1CF2281000D4F36C /* CategoryListPresenter.swift in Sources */ = {isa = PBXBuildFile; fileRef = 08C6C3AA1CF2281000D4F36C /* CategoryListPresenter.swift */; };
		08C6C3AE1CF22CCA00D4F36C /* CategoryListViewController.swift in Sources */ = {isa = PBXBuildFile; fileRef = 08C6C3AC1CF22CCA00D4F36C /* CategoryListViewController.swift */; };
		08C6C3AF1CF22CCA00D4F36C /* CategoryListViewController.xib in Resources */ = {isa = PBXBuildFile; fileRef = 08C6C3AD1CF22CCA00D4F36C /* CategoryListViewController.xib */; };
		08C6C3B11CF2424800D4F36C /* AppConfigurator.swift in Sources */ = {isa = PBXBuildFile; fileRef = 08C6C3B01CF2424800D4F36C /* AppConfigurator.swift */; };
		08C6C3B31CF2429D00D4F36C /* CategoryListWireframe.swift in Sources */ = {isa = PBXBuildFile; fileRef = 08C6C3B21CF2429D00D4F36C /* CategoryListWireframe.swift */; };
		08C6C3B61CF2436200D4F36C /* RootWireframe.swift in Sources */ = {isa = PBXBuildFile; fileRef = 08C6C3B51CF2436200D4F36C /* RootWireframe.swift */; };
		08C6C3B91CF2C3B700D4F36C /* AppListModel.swift in Sources */ = {isa = PBXBuildFile; fileRef = 08C6C3B81CF2C3B700D4F36C /* AppListModel.swift */; };
		08C6C3BB1CF2CA4D00D4F36C /* AppListViewController.swift in Sources */ = {isa = PBXBuildFile; fileRef = 08C6C3BA1CF2CA4D00D4F36C /* AppListViewController.swift */; };
		08C6C3BD1CF3D13400D4F36C /* AppListInteractor.swift in Sources */ = {isa = PBXBuildFile; fileRef = 08C6C3BC1CF3D13400D4F36C /* AppListInteractor.swift */; };
		08C6C3BF1CF3D3CA00D4F36C /* AppListPresenter.swift in Sources */ = {isa = PBXBuildFile; fileRef = 08C6C3BE1CF3D3CA00D4F36C /* AppListPresenter.swift */; };
		08C6C3C11CF3D4BA00D4F36C /* AppListViewInterface.swift in Sources */ = {isa = PBXBuildFile; fileRef = 08C6C3C01CF3D4BA00D4F36C /* AppListViewInterface.swift */; };
		08C6C3C31CF3D65500D4F36C /* AppListWireframe.swift in Sources */ = {isa = PBXBuildFile; fileRef = 08C6C3C21CF3D65500D4F36C /* AppListWireframe.swift */; };
		08C6C3C51CF3D91A00D4F36C /* BaseWireframe.swift in Sources */ = {isa = PBXBuildFile; fileRef = 08C6C3C41CF3D91A00D4F36C /* BaseWireframe.swift */; };
		08C6C3C81CF3EFD800D4F36C /* AppListPresentationTransition.swift in Sources */ = {isa = PBXBuildFile; fileRef = 08C6C3C71CF3EFD800D4F36C /* AppListPresentationTransition.swift */; };
		08C6C3CA1CF4055400D4F36C /* AppListDismissTransition.swift in Sources */ = {isa = PBXBuildFile; fileRef = 08C6C3C91CF4055400D4F36C /* AppListDismissTransition.swift */; };
		08C6C3CC1CF4179600D4F36C /* AppListGridCell.swift in Sources */ = {isa = PBXBuildFile; fileRef = 08C6C3CB1CF4179600D4F36C /* AppListGridCell.swift */; };
		626B3A9922516B3F7604DD30 /* Pods_AppsCatalogTests.framework in Frameworks */ = {isa = PBXBuildFile; fileRef = 45C685D8475552EEF4FEEDC2 /* Pods_AppsCatalogTests.framework */; };
		C87AED1F5D2C1D1EB8D4DEF3 /* Pods_AppsCatalog.framework in Frameworks */ = {isa = PBXBuildFile; fileRef = CFB7B1F608291CF32813AB9D /* Pods_AppsCatalog.framework */; };
		E32EE228848724654D48D56F /* Pods_AppsCatalogUITests.framework in Frameworks */ = {isa = PBXBuildFile; fileRef = 4D75F2E0C553B94986754A16 /* Pods_AppsCatalogUITests.framework */; };
/* End PBXBuildFile section */

/* Begin PBXContainerItemProxy section */
		08C6C3861CF0DD9C00D4F36C /* PBXContainerItemProxy */ = {
			isa = PBXContainerItemProxy;
			containerPortal = 08C6C3661CF0DD9C00D4F36C /* Project object */;
			proxyType = 1;
			remoteGlobalIDString = 08C6C36D1CF0DD9C00D4F36C;
			remoteInfo = AppsCatalog;
		};
		08C6C3911CF0DD9C00D4F36C /* PBXContainerItemProxy */ = {
			isa = PBXContainerItemProxy;
			containerPortal = 08C6C3661CF0DD9C00D4F36C /* Project object */;
			proxyType = 1;
			remoteGlobalIDString = 08C6C36D1CF0DD9C00D4F36C;
			remoteInfo = AppsCatalog;
		};
/* End PBXContainerItemProxy section */

/* Begin PBXFileReference section */
		08C6C36E1CF0DD9C00D4F36C /* AppsCatalog.app */ = {isa = PBXFileReference; explicitFileType = wrapper.application; includeInIndex = 0; path = AppsCatalog.app; sourceTree = BUILT_PRODUCTS_DIR; };
		08C6C3711CF0DD9C00D4F36C /* AppDelegate.swift */ = {isa = PBXFileReference; lastKnownFileType = sourcecode.swift; path = AppDelegate.swift; sourceTree = "<group>"; };
		08C6C3731CF0DD9C00D4F36C /* ViewController.swift */ = {isa = PBXFileReference; lastKnownFileType = sourcecode.swift; path = ViewController.swift; sourceTree = "<group>"; };
		08C6C3761CF0DD9C00D4F36C /* Base */ = {isa = PBXFileReference; lastKnownFileType = file.storyboard; name = Base; path = Base.lproj/Main.storyboard; sourceTree = "<group>"; };
		08C6C3791CF0DD9C00D4F36C /* AppsCatalog.xcdatamodel */ = {isa = PBXFileReference; lastKnownFileType = wrapper.xcdatamodel; path = AppsCatalog.xcdatamodel; sourceTree = "<group>"; };
		08C6C37B1CF0DD9C00D4F36C /* Assets.xcassets */ = {isa = PBXFileReference; lastKnownFileType = folder.assetcatalog; path = Assets.xcassets; sourceTree = "<group>"; };
		08C6C37E1CF0DD9C00D4F36C /* Base */ = {isa = PBXFileReference; lastKnownFileType = file.storyboard; name = Base; path = Base.lproj/LaunchScreen.storyboard; sourceTree = "<group>"; };
		08C6C3801CF0DD9C00D4F36C /* Info.plist */ = {isa = PBXFileReference; lastKnownFileType = text.plist.xml; path = Info.plist; sourceTree = "<group>"; };
		08C6C3851CF0DD9C00D4F36C /* AppsCatalogTests.xctest */ = {isa = PBXFileReference; explicitFileType = wrapper.cfbundle; includeInIndex = 0; path = AppsCatalogTests.xctest; sourceTree = BUILT_PRODUCTS_DIR; };
		08C6C3891CF0DD9C00D4F36C /* AppsCatalogTests.swift */ = {isa = PBXFileReference; lastKnownFileType = sourcecode.swift; path = AppsCatalogTests.swift; sourceTree = "<group>"; };
		08C6C38B1CF0DD9C00D4F36C /* Info.plist */ = {isa = PBXFileReference; lastKnownFileType = text.plist.xml; path = Info.plist; sourceTree = "<group>"; };
		08C6C3901CF0DD9C00D4F36C /* AppsCatalogUITests.xctest */ = {isa = PBXFileReference; explicitFileType = wrapper.cfbundle; includeInIndex = 0; path = AppsCatalogUITests.xctest; sourceTree = BUILT_PRODUCTS_DIR; };
		08C6C3941CF0DD9D00D4F36C /* AppsCatalogUITests.swift */ = {isa = PBXFileReference; lastKnownFileType = sourcecode.swift; path = AppsCatalogUITests.swift; sourceTree = "<group>"; };
		08C6C3961CF0DD9D00D4F36C /* Info.plist */ = {isa = PBXFileReference; lastKnownFileType = text.plist.xml; path = Info.plist; sourceTree = "<group>"; };
		08C6C3A41CF20EDD00D4F36C /* CategoryListModel.swift */ = {isa = PBXFileReference; fileEncoding = 4; lastKnownFileType = sourcecode.swift; name = CategoryListModel.swift; path = Modules/CategoryList/CategoryListModel.swift; sourceTree = "<group>"; };
		08C6C3A61CF2119800D4F36C /* CategoryListViewInterface.swift */ = {isa = PBXFileReference; fileEncoding = 4; lastKnownFileType = sourcecode.swift; name = CategoryListViewInterface.swift; path = Modules/CategoryList/CategoryListViewInterface.swift; sourceTree = "<group>"; };
		08C6C3A81CF222C100D4F36C /* CategoryListInteractor.swift */ = {isa = PBXFileReference; fileEncoding = 4; lastKnownFileType = sourcecode.swift; name = CategoryListInteractor.swift; path = Modules/CategoryList/CategoryListInteractor.swift; sourceTree = "<group>"; };
		08C6C3AA1CF2281000D4F36C /* CategoryListPresenter.swift */ = {isa = PBXFileReference; fileEncoding = 4; lastKnownFileType = sourcecode.swift; path = CategoryListPresenter.swift; sourceTree = "<group>"; };
		08C6C3AC1CF22CCA00D4F36C /* CategoryListViewController.swift */ = {isa = PBXFileReference; fileEncoding = 4; lastKnownFileType = sourcecode.swift; name = CategoryListViewController.swift; path = Modules/CategoryList/CategoryListViewController.swift; sourceTree = "<group>"; };
		08C6C3AD1CF22CCA00D4F36C /* CategoryListViewController.xib */ = {isa = PBXFileReference; fileEncoding = 4; lastKnownFileType = file.xib; name = CategoryListViewController.xib; path = Modules/CategoryList/CategoryListViewController.xib; sourceTree = "<group>"; };
		08C6C3B01CF2424800D4F36C /* AppConfigurator.swift */ = {isa = PBXFileReference; fileEncoding = 4; lastKnownFileType = sourcecode.swift; path = AppConfigurator.swift; sourceTree = "<group>"; };
		08C6C3B21CF2429D00D4F36C /* CategoryListWireframe.swift */ = {isa = PBXFileReference; fileEncoding = 4; lastKnownFileType = sourcecode.swift; name = CategoryListWireframe.swift; path = Modules/CategoryList/CategoryListWireframe.swift; sourceTree = "<group>"; };
		08C6C3B51CF2436200D4F36C /* RootWireframe.swift */ = {isa = PBXFileReference; fileEncoding = 4; lastKnownFileType = sourcecode.swift; name = RootWireframe.swift; path = General/RootWireframe.swift; sourceTree = "<group>"; };
		08C6C3B81CF2C3B700D4F36C /* AppListModel.swift */ = {isa = PBXFileReference; fileEncoding = 4; lastKnownFileType = sourcecode.swift; name = AppListModel.swift; path = Modules/AppList/AppListModel.swift; sourceTree = "<group>"; };
		08C6C3BA1CF2CA4D00D4F36C /* AppListViewController.swift */ = {isa = PBXFileReference; fileEncoding = 4; lastKnownFileType = sourcecode.swift; name = AppListViewController.swift; path = Modules/AppList/AppListViewController.swift; sourceTree = "<group>"; };
		08C6C3BC1CF3D13400D4F36C /* AppListInteractor.swift */ = {isa = PBXFileReference; fileEncoding = 4; lastKnownFileType = sourcecode.swift; name = AppListInteractor.swift; path = Modules/AppList/AppListInteractor.swift; sourceTree = "<group>"; };
		08C6C3BE1CF3D3CA00D4F36C /* AppListPresenter.swift */ = {isa = PBXFileReference; fileEncoding = 4; lastKnownFileType = sourcecode.swift; name = AppListPresenter.swift; path = Modules/AppList/AppListPresenter.swift; sourceTree = "<group>"; };
		08C6C3C01CF3D4BA00D4F36C /* AppListViewInterface.swift */ = {isa = PBXFileReference; fileEncoding = 4; lastKnownFileType = sourcecode.swift; name = AppListViewInterface.swift; path = Modules/AppList/AppListViewInterface.swift; sourceTree = "<group>"; };
		08C6C3C21CF3D65500D4F36C /* AppListWireframe.swift */ = {isa = PBXFileReference; fileEncoding = 4; lastKnownFileType = sourcecode.swift; name = AppListWireframe.swift; path = Modules/AppList/AppListWireframe.swift; sourceTree = "<group>"; };
		08C6C3C41CF3D91A00D4F36C /* BaseWireframe.swift */ = {isa = PBXFileReference; fileEncoding = 4; lastKnownFileType = sourcecode.swift; name = BaseWireframe.swift; path = General/BaseWireframe.swift; sourceTree = "<group>"; };
		08C6C3C71CF3EFD800D4F36C /* AppListPresentationTransition.swift */ = {isa = PBXFileReference; fileEncoding = 4; lastKnownFileType = sourcecode.swift; name = AppListPresentationTransition.swift; path = Modules/AppList/UI/AppListPresentationTransition.swift; sourceTree = "<group>"; };
		08C6C3C91CF4055400D4F36C /* AppListDismissTransition.swift */ = {isa = PBXFileReference; fileEncoding = 4; lastKnownFileType = sourcecode.swift; name = AppListDismissTransition.swift; path = Modules/AppList/AppListDismissTransition.swift; sourceTree = "<group>"; };
		08C6C3CB1CF4179600D4F36C /* AppListGridCell.swift */ = {isa = PBXFileReference; fileEncoding = 4; lastKnownFileType = sourcecode.swift; name = AppListGridCell.swift; path = Modules/AppList/UI/AppListGridCell.swift; sourceTree = "<group>"; };
		23EB89B588FCFE6EB9D9FC77 /* Pods-AppsCatalogUITests.release.xcconfig */ = {isa = PBXFileReference; includeInIndex = 1; lastKnownFileType = text.xcconfig; name = "Pods-AppsCatalogUITests.release.xcconfig"; path = "Pods/Target Support Files/Pods-AppsCatalogUITests/Pods-AppsCatalogUITests.release.xcconfig"; sourceTree = "<group>"; };
		2F73E8027E1F9108AF8FB0E7 /* Pods-AppsCatalogTests.debug.xcconfig */ = {isa = PBXFileReference; includeInIndex = 1; lastKnownFileType = text.xcconfig; name = "Pods-AppsCatalogTests.debug.xcconfig"; path = "Pods/Target Support Files/Pods-AppsCatalogTests/Pods-AppsCatalogTests.debug.xcconfig"; sourceTree = "<group>"; };
		3AAE9458EAD9C38BF4BAE257 /* Pods-AppsCatalogTests.release.xcconfig */ = {isa = PBXFileReference; includeInIndex = 1; lastKnownFileType = text.xcconfig; name = "Pods-AppsCatalogTests.release.xcconfig"; path = "Pods/Target Support Files/Pods-AppsCatalogTests/Pods-AppsCatalogTests.release.xcconfig"; sourceTree = "<group>"; };
		42BD038F00FEE159E9E58C43 /* Pods-AppsCatalogUITests.debug.xcconfig */ = {isa = PBXFileReference; includeInIndex = 1; lastKnownFileType = text.xcconfig; name = "Pods-AppsCatalogUITests.debug.xcconfig"; path = "Pods/Target Support Files/Pods-AppsCatalogUITests/Pods-AppsCatalogUITests.debug.xcconfig"; sourceTree = "<group>"; };
		45C685D8475552EEF4FEEDC2 /* Pods_AppsCatalogTests.framework */ = {isa = PBXFileReference; explicitFileType = wrapper.framework; includeInIndex = 0; path = Pods_AppsCatalogTests.framework; sourceTree = BUILT_PRODUCTS_DIR; };
		4607872A210CC1AA81A92181 /* Pods-AppsCatalog.release.xcconfig */ = {isa = PBXFileReference; includeInIndex = 1; lastKnownFileType = text.xcconfig; name = "Pods-AppsCatalog.release.xcconfig"; path = "Pods/Target Support Files/Pods-AppsCatalog/Pods-AppsCatalog.release.xcconfig"; sourceTree = "<group>"; };
		4D75F2E0C553B94986754A16 /* Pods_AppsCatalogUITests.framework */ = {isa = PBXFileReference; explicitFileType = wrapper.framework; includeInIndex = 0; path = Pods_AppsCatalogUITests.framework; sourceTree = BUILT_PRODUCTS_DIR; };
		6893C4D4B7FD22B2D78393AF /* Pods-AppsCatalog.debug.xcconfig */ = {isa = PBXFileReference; includeInIndex = 1; lastKnownFileType = text.xcconfig; name = "Pods-AppsCatalog.debug.xcconfig"; path = "Pods/Target Support Files/Pods-AppsCatalog/Pods-AppsCatalog.debug.xcconfig"; sourceTree = "<group>"; };
		CFB7B1F608291CF32813AB9D /* Pods_AppsCatalog.framework */ = {isa = PBXFileReference; explicitFileType = wrapper.framework; includeInIndex = 0; path = Pods_AppsCatalog.framework; sourceTree = BUILT_PRODUCTS_DIR; };
/* End PBXFileReference section */

/* Begin PBXFrameworksBuildPhase section */
		08C6C36B1CF0DD9C00D4F36C /* Frameworks */ = {
			isa = PBXFrameworksBuildPhase;
			buildActionMask = 2147483647;
			files = (
				C87AED1F5D2C1D1EB8D4DEF3 /* Pods_AppsCatalog.framework in Frameworks */,
			);
			runOnlyForDeploymentPostprocessing = 0;
		};
		08C6C3821CF0DD9C00D4F36C /* Frameworks */ = {
			isa = PBXFrameworksBuildPhase;
			buildActionMask = 2147483647;
			files = (
				626B3A9922516B3F7604DD30 /* Pods_AppsCatalogTests.framework in Frameworks */,
			);
			runOnlyForDeploymentPostprocessing = 0;
		};
		08C6C38D1CF0DD9C00D4F36C /* Frameworks */ = {
			isa = PBXFrameworksBuildPhase;
			buildActionMask = 2147483647;
			files = (
				E32EE228848724654D48D56F /* Pods_AppsCatalogUITests.framework in Frameworks */,
			);
			runOnlyForDeploymentPostprocessing = 0;
		};
/* End PBXFrameworksBuildPhase section */

/* Begin PBXGroup section */
		08C6C3651CF0DD9C00D4F36C = {
			isa = PBXGroup;
			children = (
				08C6C3701CF0DD9C00D4F36C /* AppsCatalog */,
				08C6C3881CF0DD9C00D4F36C /* AppsCatalogTests */,
				08C6C3931CF0DD9C00D4F36C /* AppsCatalogUITests */,
				08C6C36F1CF0DD9C00D4F36C /* Products */,
				2EC25940CA921E6791085E72 /* Pods */,
				4B2D24D2E651B4E9317FD781 /* Frameworks */,
			);
			sourceTree = "<group>";
		};
		08C6C36F1CF0DD9C00D4F36C /* Products */ = {
			isa = PBXGroup;
			children = (
				08C6C36E1CF0DD9C00D4F36C /* AppsCatalog.app */,
				08C6C3851CF0DD9C00D4F36C /* AppsCatalogTests.xctest */,
				08C6C3901CF0DD9C00D4F36C /* AppsCatalogUITests.xctest */,
			);
			name = Products;
			sourceTree = "<group>";
		};
		08C6C3701CF0DD9C00D4F36C /* AppsCatalog */ = {
			isa = PBXGroup;
			children = (
				08C6C3B41CF2434E00D4F36C /* General */,
				08C6C3A21CF20E4E00D4F36C /* Modules */,
				08C6C3711CF0DD9C00D4F36C /* AppDelegate.swift */,
				08C6C3B01CF2424800D4F36C /* AppConfigurator.swift */,
				08C6C3731CF0DD9C00D4F36C /* ViewController.swift */,
				08C6C3751CF0DD9C00D4F36C /* Main.storyboard */,
				08C6C37B1CF0DD9C00D4F36C /* Assets.xcassets */,
				08C6C37D1CF0DD9C00D4F36C /* LaunchScreen.storyboard */,
				08C6C3801CF0DD9C00D4F36C /* Info.plist */,
				08C6C3781CF0DD9C00D4F36C /* AppsCatalog.xcdatamodeld */,
			);
			path = AppsCatalog;
			sourceTree = "<group>";
		};
		08C6C3881CF0DD9C00D4F36C /* AppsCatalogTests */ = {
			isa = PBXGroup;
			children = (
				08C6C3891CF0DD9C00D4F36C /* AppsCatalogTests.swift */,
				08C6C38B1CF0DD9C00D4F36C /* Info.plist */,
			);
			path = AppsCatalogTests;
			sourceTree = "<group>";
		};
		08C6C3931CF0DD9C00D4F36C /* AppsCatalogUITests */ = {
			isa = PBXGroup;
			children = (
				08C6C3941CF0DD9D00D4F36C /* AppsCatalogUITests.swift */,
				08C6C3961CF0DD9D00D4F36C /* Info.plist */,
			);
			path = AppsCatalogUITests;
			sourceTree = "<group>";
		};
		08C6C3A21CF20E4E00D4F36C /* Modules */ = {
			isa = PBXGroup;
			children = (
				08C6C3B71CF25AE900D4F36C /* AppsList */,
				08C6C3A31CF20E5500D4F36C /* CategoryList */,
			);
			name = Modules;
			sourceTree = "<group>";
		};
		08C6C3A31CF20E5500D4F36C /* CategoryList */ = {
			isa = PBXGroup;
			children = (
				08C6C3A41CF20EDD00D4F36C /* CategoryListModel.swift */,
				08C6C3A61CF2119800D4F36C /* CategoryListViewInterface.swift */,
				08C6C3A81CF222C100D4F36C /* CategoryListInteractor.swift */,
				08C6C3AA1CF2281000D4F36C /* CategoryListPresenter.swift */,
				08C6C3AC1CF22CCA00D4F36C /* CategoryListViewController.swift */,
				08C6C3AD1CF22CCA00D4F36C /* CategoryListViewController.xib */,
				08C6C3B21CF2429D00D4F36C /* CategoryListWireframe.swift */,
			);
			name = CategoryList;
			sourceTree = "<group>";
		};
		08C6C3B41CF2434E00D4F36C /* General */ = {
			isa = PBXGroup;
			children = (
				08C6C3B51CF2436200D4F36C /* RootWireframe.swift */,
				08C6C3C41CF3D91A00D4F36C /* BaseWireframe.swift */,
			);
			name = General;
			sourceTree = "<group>";
		};
		08C6C3B71CF25AE900D4F36C /* AppsList */ = {
			isa = PBXGroup;
			children = (
				08C6C3C61CF3EFBA00D4F36C /* UI */,
				08C6C3B81CF2C3B700D4F36C /* AppListModel.swift */,
				08C6C3BA1CF2CA4D00D4F36C /* AppListViewController.swift */,
				08C6C3BC1CF3D13400D4F36C /* AppListInteractor.swift */,
				08C6C3BE1CF3D3CA00D4F36C /* AppListPresenter.swift */,
				08C6C3C01CF3D4BA00D4F36C /* AppListViewInterface.swift */,
				08C6C3C21CF3D65500D4F36C /* AppListWireframe.swift */,
			);
			name = AppsList;
			sourceTree = "<group>";
		};
		08C6C3C61CF3EFBA00D4F36C /* UI */ = {
			isa = PBXGroup;
			children = (
				08C6C3C71CF3EFD800D4F36C /* AppListPresentationTransition.swift */,
				08C6C3C91CF4055400D4F36C /* AppListDismissTransition.swift */,
				08C6C3CB1CF4179600D4F36C /* AppListGridCell.swift */,
			);
			name = UI;
			sourceTree = "<group>";
		};
		2EC25940CA921E6791085E72 /* Pods */ = {
			isa = PBXGroup;
			children = (
				6893C4D4B7FD22B2D78393AF /* Pods-AppsCatalog.debug.xcconfig */,
				4607872A210CC1AA81A92181 /* Pods-AppsCatalog.release.xcconfig */,
				2F73E8027E1F9108AF8FB0E7 /* Pods-AppsCatalogTests.debug.xcconfig */,
				3AAE9458EAD9C38BF4BAE257 /* Pods-AppsCatalogTests.release.xcconfig */,
				42BD038F00FEE159E9E58C43 /* Pods-AppsCatalogUITests.debug.xcconfig */,
				23EB89B588FCFE6EB9D9FC77 /* Pods-AppsCatalogUITests.release.xcconfig */,
			);
			name = Pods;
			sourceTree = "<group>";
		};
		4B2D24D2E651B4E9317FD781 /* Frameworks */ = {
			isa = PBXGroup;
			children = (
				CFB7B1F608291CF32813AB9D /* Pods_AppsCatalog.framework */,
				45C685D8475552EEF4FEEDC2 /* Pods_AppsCatalogTests.framework */,
				4D75F2E0C553B94986754A16 /* Pods_AppsCatalogUITests.framework */,
			);
			name = Frameworks;
			sourceTree = "<group>";
		};
/* End PBXGroup section */

/* Begin PBXNativeTarget section */
		08C6C36D1CF0DD9C00D4F36C /* AppsCatalog */ = {
			isa = PBXNativeTarget;
			buildConfigurationList = 08C6C3991CF0DD9D00D4F36C /* Build configuration list for PBXNativeTarget "AppsCatalog" */;
			buildPhases = (
				6E51F9DCC14968A24EB937CC /* 📦 Check Pods Manifest.lock */,
				08C6C36A1CF0DD9C00D4F36C /* Sources */,
				08C6C36B1CF0DD9C00D4F36C /* Frameworks */,
				08C6C36C1CF0DD9C00D4F36C /* Resources */,
				C777797F2DC7A2C9BF00C041 /* 📦 Embed Pods Frameworks */,
				98A46AE37E75506567186EED /* 📦 Copy Pods Resources */,
			);
			buildRules = (
			);
			dependencies = (
			);
			name = AppsCatalog;
			productName = AppsCatalog;
			productReference = 08C6C36E1CF0DD9C00D4F36C /* AppsCatalog.app */;
			productType = "com.apple.product-type.application";
		};
		08C6C3841CF0DD9C00D4F36C /* AppsCatalogTests */ = {
			isa = PBXNativeTarget;
			buildConfigurationList = 08C6C39C1CF0DD9D00D4F36C /* Build configuration list for PBXNativeTarget "AppsCatalogTests" */;
			buildPhases = (
				7D6275BAAEE6F9397B2D5E7F /* 📦 Check Pods Manifest.lock */,
				08C6C3811CF0DD9C00D4F36C /* Sources */,
				08C6C3821CF0DD9C00D4F36C /* Frameworks */,
				08C6C3831CF0DD9C00D4F36C /* Resources */,
				9EA088DE380442169F1540A5 /* 📦 Embed Pods Frameworks */,
				6FD51B208D63F6CCF008F160 /* 📦 Copy Pods Resources */,
			);
			buildRules = (
			);
			dependencies = (
				08C6C3871CF0DD9C00D4F36C /* PBXTargetDependency */,
			);
			name = AppsCatalogTests;
			productName = AppsCatalogTests;
			productReference = 08C6C3851CF0DD9C00D4F36C /* AppsCatalogTests.xctest */;
			productType = "com.apple.product-type.bundle.unit-test";
		};
		08C6C38F1CF0DD9C00D4F36C /* AppsCatalogUITests */ = {
			isa = PBXNativeTarget;
			buildConfigurationList = 08C6C39F1CF0DD9D00D4F36C /* Build configuration list for PBXNativeTarget "AppsCatalogUITests" */;
			buildPhases = (
				D00431E9A4FC37A6AC54F47C /* 📦 Check Pods Manifest.lock */,
				08C6C38C1CF0DD9C00D4F36C /* Sources */,
				08C6C38D1CF0DD9C00D4F36C /* Frameworks */,
				08C6C38E1CF0DD9C00D4F36C /* Resources */,
				DBA0BF7C1D41921EDE7ABA91 /* 📦 Copy Pods Resources */,
			);
			buildRules = (
			);
			dependencies = (
				08C6C3921CF0DD9C00D4F36C /* PBXTargetDependency */,
			);
			name = AppsCatalogUITests;
			productName = AppsCatalogUITests;
			productReference = 08C6C3901CF0DD9C00D4F36C /* AppsCatalogUITests.xctest */;
			productType = "com.apple.product-type.bundle.ui-testing";
		};
/* End PBXNativeTarget section */

/* Begin PBXProject section */
		08C6C3661CF0DD9C00D4F36C /* Project object */ = {
			isa = PBXProject;
			attributes = {
				LastSwiftUpdateCheck = 0730;
				LastUpgradeCheck = 0730;
				ORGANIZATIONNAME = jaiversin;
				TargetAttributes = {
					08C6C36D1CF0DD9C00D4F36C = {
						CreatedOnToolsVersion = 7.3.1;
						DevelopmentTeam = DZL29QC9UE;
					};
					08C6C3841CF0DD9C00D4F36C = {
						CreatedOnToolsVersion = 7.3.1;
						TestTargetID = 08C6C36D1CF0DD9C00D4F36C;
					};
					08C6C38F1CF0DD9C00D4F36C = {
						CreatedOnToolsVersion = 7.3.1;
						TestTargetID = 08C6C36D1CF0DD9C00D4F36C;
					};
				};
			};
			buildConfigurationList = 08C6C3691CF0DD9C00D4F36C /* Build configuration list for PBXProject "AppsCatalog" */;
			compatibilityVersion = "Xcode 3.2";
			developmentRegion = English;
			hasScannedForEncodings = 0;
			knownRegions = (
				en,
				Base,
			);
			mainGroup = 08C6C3651CF0DD9C00D4F36C;
			productRefGroup = 08C6C36F1CF0DD9C00D4F36C /* Products */;
			projectDirPath = "";
			projectRoot = "";
			targets = (
				08C6C36D1CF0DD9C00D4F36C /* AppsCatalog */,
				08C6C3841CF0DD9C00D4F36C /* AppsCatalogTests */,
				08C6C38F1CF0DD9C00D4F36C /* AppsCatalogUITests */,
			);
		};
/* End PBXProject section */

/* Begin PBXResourcesBuildPhase section */
		08C6C36C1CF0DD9C00D4F36C /* Resources */ = {
			isa = PBXResourcesBuildPhase;
			buildActionMask = 2147483647;
			files = (
				08C6C3AF1CF22CCA00D4F36C /* CategoryListViewController.xib in Resources */,
				08C6C37F1CF0DD9C00D4F36C /* LaunchScreen.storyboard in Resources */,
				08C6C37C1CF0DD9C00D4F36C /* Assets.xcassets in Resources */,
				08C6C3771CF0DD9C00D4F36C /* Main.storyboard in Resources */,
			);
			runOnlyForDeploymentPostprocessing = 0;
		};
		08C6C3831CF0DD9C00D4F36C /* Resources */ = {
			isa = PBXResourcesBuildPhase;
			buildActionMask = 2147483647;
			files = (
			);
			runOnlyForDeploymentPostprocessing = 0;
		};
		08C6C38E1CF0DD9C00D4F36C /* Resources */ = {
			isa = PBXResourcesBuildPhase;
			buildActionMask = 2147483647;
			files = (
			);
			runOnlyForDeploymentPostprocessing = 0;
		};
/* End PBXResourcesBuildPhase section */

/* Begin PBXShellScriptBuildPhase section */
		6E51F9DCC14968A24EB937CC /* 📦 Check Pods Manifest.lock */ = {
			isa = PBXShellScriptBuildPhase;
			buildActionMask = 2147483647;
			files = (
			);
			inputPaths = (
			);
			name = "📦 Check Pods Manifest.lock";
			outputPaths = (
			);
			runOnlyForDeploymentPostprocessing = 0;
			shellPath = /bin/sh;
			shellScript = "diff \"${PODS_ROOT}/../Podfile.lock\" \"${PODS_ROOT}/Manifest.lock\" > /dev/null\nif [[ $? != 0 ]] ; then\n    cat << EOM\nerror: The sandbox is not in sync with the Podfile.lock. Run 'pod install' or update your CocoaPods installation.\nEOM\n    exit 1\nfi\n";
			showEnvVarsInLog = 0;
		};
		6FD51B208D63F6CCF008F160 /* 📦 Copy Pods Resources */ = {
			isa = PBXShellScriptBuildPhase;
			buildActionMask = 2147483647;
			files = (
			);
			inputPaths = (
			);
			name = "📦 Copy Pods Resources";
			outputPaths = (
			);
			runOnlyForDeploymentPostprocessing = 0;
			shellPath = /bin/sh;
			shellScript = "\"${SRCROOT}/Pods/Target Support Files/Pods-AppsCatalogTests/Pods-AppsCatalogTests-resources.sh\"\n";
			showEnvVarsInLog = 0;
		};
		7D6275BAAEE6F9397B2D5E7F /* 📦 Check Pods Manifest.lock */ = {
			isa = PBXShellScriptBuildPhase;
			buildActionMask = 2147483647;
			files = (
			);
			inputPaths = (
			);
			name = "📦 Check Pods Manifest.lock";
			outputPaths = (
			);
			runOnlyForDeploymentPostprocessing = 0;
			shellPath = /bin/sh;
			shellScript = "diff \"${PODS_ROOT}/../Podfile.lock\" \"${PODS_ROOT}/Manifest.lock\" > /dev/null\nif [[ $? != 0 ]] ; then\n    cat << EOM\nerror: The sandbox is not in sync with the Podfile.lock. Run 'pod install' or update your CocoaPods installation.\nEOM\n    exit 1\nfi\n";
			showEnvVarsInLog = 0;
		};
		98A46AE37E75506567186EED /* 📦 Copy Pods Resources */ = {
			isa = PBXShellScriptBuildPhase;
			buildActionMask = 2147483647;
			files = (
			);
			inputPaths = (
			);
			name = "📦 Copy Pods Resources";
			outputPaths = (
			);
			runOnlyForDeploymentPostprocessing = 0;
			shellPath = /bin/sh;
			shellScript = "\"${SRCROOT}/Pods/Target Support Files/Pods-AppsCatalog/Pods-AppsCatalog-resources.sh\"\n";
			showEnvVarsInLog = 0;
		};
		9EA088DE380442169F1540A5 /* 📦 Embed Pods Frameworks */ = {
			isa = PBXShellScriptBuildPhase;
			buildActionMask = 2147483647;
			files = (
			);
			inputPaths = (
			);
			name = "📦 Embed Pods Frameworks";
			outputPaths = (
			);
			runOnlyForDeploymentPostprocessing = 0;
			shellPath = /bin/sh;
			shellScript = "\"${SRCROOT}/Pods/Target Support Files/Pods-AppsCatalogTests/Pods-AppsCatalogTests-frameworks.sh\"\n";
			showEnvVarsInLog = 0;
		};
		C777797F2DC7A2C9BF00C041 /* 📦 Embed Pods Frameworks */ = {
			isa = PBXShellScriptBuildPhase;
			buildActionMask = 2147483647;
			files = (
			);
			inputPaths = (
			);
			name = "📦 Embed Pods Frameworks";
			outputPaths = (
			);
			runOnlyForDeploymentPostprocessing = 0;
			shellPath = /bin/sh;
			shellScript = "\"${SRCROOT}/Pods/Target Support Files/Pods-AppsCatalog/Pods-AppsCatalog-frameworks.sh\"\n";
			showEnvVarsInLog = 0;
		};
		D00431E9A4FC37A6AC54F47C /* 📦 Check Pods Manifest.lock */ = {
			isa = PBXShellScriptBuildPhase;
			buildActionMask = 2147483647;
			files = (
			);
			inputPaths = (
			);
			name = "📦 Check Pods Manifest.lock";
			outputPaths = (
			);
			runOnlyForDeploymentPostprocessing = 0;
			shellPath = /bin/sh;
			shellScript = "diff \"${PODS_ROOT}/../Podfile.lock\" \"${PODS_ROOT}/Manifest.lock\" > /dev/null\nif [[ $? != 0 ]] ; then\n    cat << EOM\nerror: The sandbox is not in sync with the Podfile.lock. Run 'pod install' or update your CocoaPods installation.\nEOM\n    exit 1\nfi\n";
			showEnvVarsInLog = 0;
		};
		DBA0BF7C1D41921EDE7ABA91 /* 📦 Copy Pods Resources */ = {
			isa = PBXShellScriptBuildPhase;
			buildActionMask = 2147483647;
			files = (
			);
			inputPaths = (
			);
			name = "📦 Copy Pods Resources";
			outputPaths = (
			);
			runOnlyForDeploymentPostprocessing = 0;
			shellPath = /bin/sh;
			shellScript = "\"${SRCROOT}/Pods/Target Support Files/Pods-AppsCatalogUITests/Pods-AppsCatalogUITests-resources.sh\"\n";
			showEnvVarsInLog = 0;
		};
/* End PBXShellScriptBuildPhase section */

/* Begin PBXSourcesBuildPhase section */
		08C6C36A1CF0DD9C00D4F36C /* Sources */ = {
			isa = PBXSourcesBuildPhase;
			buildActionMask = 2147483647;
			files = (
				08C6C3AE1CF22CCA00D4F36C /* CategoryListViewController.swift in Sources */,
				08C6C3AB1CF2281000D4F36C /* CategoryListPresenter.swift in Sources */,
				08C6C3BF1CF3D3CA00D4F36C /* AppListPresenter.swift in Sources */,
				08C6C3CC1CF4179600D4F36C /* AppListGridCell.swift in Sources */,
				08C6C3741CF0DD9C00D4F36C /* ViewController.swift in Sources */,
				08C6C3B91CF2C3B700D4F36C /* AppListModel.swift in Sources */,
				08C6C3A51CF20EDD00D4F36C /* CategoryListModel.swift in Sources */,
				08C6C3A91CF222C100D4F36C /* CategoryListInteractor.swift in Sources */,
				08C6C3BD1CF3D13400D4F36C /* AppListInteractor.swift in Sources */,
				08C6C3BB1CF2CA4D00D4F36C /* AppListViewController.swift in Sources */,
				08C6C3C51CF3D91A00D4F36C /* BaseWireframe.swift in Sources */,
				08C6C3721CF0DD9C00D4F36C /* AppDelegate.swift in Sources */,
				08C6C3B31CF2429D00D4F36C /* CategoryListWireframe.swift in Sources */,
				08C6C37A1CF0DD9C00D4F36C /* AppsCatalog.xcdatamodeld in Sources */,
				08C6C3CA1CF4055400D4F36C /* AppListDismissTransition.swift in Sources */,
				08C6C3B11CF2424800D4F36C /* AppConfigurator.swift in Sources */,
				08C6C3B61CF2436200D4F36C /* RootWireframe.swift in Sources */,
				08C6C3C31CF3D65500D4F36C /* AppListWireframe.swift in Sources */,
				08C6C3C11CF3D4BA00D4F36C /* AppListViewInterface.swift in Sources */,
				08C6C3C81CF3EFD800D4F36C /* AppListPresentationTransition.swift in Sources */,
				08C6C3A71CF2119800D4F36C /* CategoryListViewInterface.swift in Sources */,
			);
			runOnlyForDeploymentPostprocessing = 0;
		};
		08C6C3811CF0DD9C00D4F36C /* Sources */ = {
			isa = PBXSourcesBuildPhase;
			buildActionMask = 2147483647;
			files = (
				08C6C38A1CF0DD9C00D4F36C /* AppsCatalogTests.swift in Sources */,
			);
			runOnlyForDeploymentPostprocessing = 0;
		};
		08C6C38C1CF0DD9C00D4F36C /* Sources */ = {
			isa = PBXSourcesBuildPhase;
			buildActionMask = 2147483647;
			files = (
				08C6C3951CF0DD9D00D4F36C /* AppsCatalogUITests.swift in Sources */,
			);
			runOnlyForDeploymentPostprocessing = 0;
		};
/* End PBXSourcesBuildPhase section */

/* Begin PBXTargetDependency section */
		08C6C3871CF0DD9C00D4F36C /* PBXTargetDependency */ = {
			isa = PBXTargetDependency;
			target = 08C6C36D1CF0DD9C00D4F36C /* AppsCatalog */;
			targetProxy = 08C6C3861CF0DD9C00D4F36C /* PBXContainerItemProxy */;
		};
		08C6C3921CF0DD9C00D4F36C /* PBXTargetDependency */ = {
			isa = PBXTargetDependency;
			target = 08C6C36D1CF0DD9C00D4F36C /* AppsCatalog */;
			targetProxy = 08C6C3911CF0DD9C00D4F36C /* PBXContainerItemProxy */;
		};
/* End PBXTargetDependency section */

/* Begin PBXVariantGroup section */
		08C6C3751CF0DD9C00D4F36C /* Main.storyboard */ = {
			isa = PBXVariantGroup;
			children = (
				08C6C3761CF0DD9C00D4F36C /* Base */,
			);
			name = Main.storyboard;
			sourceTree = "<group>";
		};
		08C6C37D1CF0DD9C00D4F36C /* LaunchScreen.storyboard */ = {
			isa = PBXVariantGroup;
			children = (
				08C6C37E1CF0DD9C00D4F36C /* Base */,
			);
			name = LaunchScreen.storyboard;
			sourceTree = "<group>";
		};
/* End PBXVariantGroup section */

/* Begin XCBuildConfiguration section */
		08C6C3971CF0DD9D00D4F36C /* Debug */ = {
			isa = XCBuildConfiguration;
			buildSettings = {
				ALWAYS_SEARCH_USER_PATHS = NO;
				CLANG_ANALYZER_NONNULL = YES;
				CLANG_CXX_LANGUAGE_STANDARD = "gnu++0x";
				CLANG_CXX_LIBRARY = "libc++";
				CLANG_ENABLE_MODULES = YES;
				CLANG_ENABLE_OBJC_ARC = YES;
				CLANG_WARN_BOOL_CONVERSION = YES;
				CLANG_WARN_CONSTANT_CONVERSION = YES;
				CLANG_WARN_DIRECT_OBJC_ISA_USAGE = YES_ERROR;
				CLANG_WARN_EMPTY_BODY = YES;
				CLANG_WARN_ENUM_CONVERSION = YES;
				CLANG_WARN_INT_CONVERSION = YES;
				CLANG_WARN_OBJC_ROOT_CLASS = YES_ERROR;
				CLANG_WARN_UNREACHABLE_CODE = YES;
				CLANG_WARN__DUPLICATE_METHOD_MATCH = YES;
				"CODE_SIGN_IDENTITY[sdk=iphoneos*]" = "iPhone Developer";
				COPY_PHASE_STRIP = NO;
				DEBUG_INFORMATION_FORMAT = dwarf;
				ENABLE_STRICT_OBJC_MSGSEND = YES;
				ENABLE_TESTABILITY = YES;
				GCC_C_LANGUAGE_STANDARD = gnu99;
				GCC_DYNAMIC_NO_PIC = NO;
				GCC_NO_COMMON_BLOCKS = YES;
				GCC_OPTIMIZATION_LEVEL = 0;
				GCC_PREPROCESSOR_DEFINITIONS = (
					"DEBUG=1",
					"$(inherited)",
				);
				GCC_WARN_64_TO_32_BIT_CONVERSION = YES;
				GCC_WARN_ABOUT_RETURN_TYPE = YES_ERROR;
				GCC_WARN_UNDECLARED_SELECTOR = YES;
				GCC_WARN_UNINITIALIZED_AUTOS = YES_AGGRESSIVE;
				GCC_WARN_UNUSED_FUNCTION = YES;
				GCC_WARN_UNUSED_VARIABLE = YES;
				IPHONEOS_DEPLOYMENT_TARGET = 9.3;
				MTL_ENABLE_DEBUG_INFO = YES;
				ONLY_ACTIVE_ARCH = YES;
				SDKROOT = iphoneos;
				SWIFT_OPTIMIZATION_LEVEL = "-Onone";
				TARGETED_DEVICE_FAMILY = "1,2";
			};
			name = Debug;
		};
		08C6C3981CF0DD9D00D4F36C /* Release */ = {
			isa = XCBuildConfiguration;
			buildSettings = {
				ALWAYS_SEARCH_USER_PATHS = NO;
				CLANG_ANALYZER_NONNULL = YES;
				CLANG_CXX_LANGUAGE_STANDARD = "gnu++0x";
				CLANG_CXX_LIBRARY = "libc++";
				CLANG_ENABLE_MODULES = YES;
				CLANG_ENABLE_OBJC_ARC = YES;
				CLANG_WARN_BOOL_CONVERSION = YES;
				CLANG_WARN_CONSTANT_CONVERSION = YES;
				CLANG_WARN_DIRECT_OBJC_ISA_USAGE = YES_ERROR;
				CLANG_WARN_EMPTY_BODY = YES;
				CLANG_WARN_ENUM_CONVERSION = YES;
				CLANG_WARN_INT_CONVERSION = YES;
				CLANG_WARN_OBJC_ROOT_CLASS = YES_ERROR;
				CLANG_WARN_UNREACHABLE_CODE = YES;
				CLANG_WARN__DUPLICATE_METHOD_MATCH = YES;
				"CODE_SIGN_IDENTITY[sdk=iphoneos*]" = "iPhone Developer";
				COPY_PHASE_STRIP = NO;
				DEBUG_INFORMATION_FORMAT = "dwarf-with-dsym";
				ENABLE_NS_ASSERTIONS = NO;
				ENABLE_STRICT_OBJC_MSGSEND = YES;
				GCC_C_LANGUAGE_STANDARD = gnu99;
				GCC_NO_COMMON_BLOCKS = YES;
				GCC_WARN_64_TO_32_BIT_CONVERSION = YES;
				GCC_WARN_ABOUT_RETURN_TYPE = YES_ERROR;
				GCC_WARN_UNDECLARED_SELECTOR = YES;
				GCC_WARN_UNINITIALIZED_AUTOS = YES_AGGRESSIVE;
				GCC_WARN_UNUSED_FUNCTION = YES;
				GCC_WARN_UNUSED_VARIABLE = YES;
				IPHONEOS_DEPLOYMENT_TARGET = 9.3;
				MTL_ENABLE_DEBUG_INFO = NO;
				SDKROOT = iphoneos;
				TARGETED_DEVICE_FAMILY = "1,2";
				VALIDATE_PRODUCT = YES;
			};
			name = Release;
		};
		08C6C39A1CF0DD9D00D4F36C /* Debug */ = {
			isa = XCBuildConfiguration;
			baseConfigurationReference = 6893C4D4B7FD22B2D78393AF /* Pods-AppsCatalog.debug.xcconfig */;
			buildSettings = {
				ASSETCATALOG_COMPILER_APPICON_NAME = AppIcon;
				CODE_SIGN_IDENTITY = "iPhone Developer";
				"CODE_SIGN_IDENTITY[sdk=iphoneos*]" = "iPhone Developer";
				INFOPLIST_FILE = AppsCatalog/Info.plist;
				IPHONEOS_DEPLOYMENT_TARGET = 8.0;
				LD_RUNPATH_SEARCH_PATHS = "$(inherited) @executable_path/Frameworks";
				PRODUCT_BUNDLE_IDENTIFIER = co.jaiversin.AppsCatalog;
				PRODUCT_NAME = "$(TARGET_NAME)";
				PROVISIONING_PROFILE = "";
			};
			name = Debug;
		};
		08C6C39B1CF0DD9D00D4F36C /* Release */ = {
			isa = XCBuildConfiguration;
			baseConfigurationReference = 4607872A210CC1AA81A92181 /* Pods-AppsCatalog.release.xcconfig */;
			buildSettings = {
				ASSETCATALOG_COMPILER_APPICON_NAME = AppIcon;
				CODE_SIGN_IDENTITY = "iPhone Developer";
				"CODE_SIGN_IDENTITY[sdk=iphoneos*]" = "iPhone Developer";
				INFOPLIST_FILE = AppsCatalog/Info.plist;
				IPHONEOS_DEPLOYMENT_TARGET = 8.0;
				LD_RUNPATH_SEARCH_PATHS = "$(inherited) @executable_path/Frameworks";
				PRODUCT_BUNDLE_IDENTIFIER = co.jaiversin.AppsCatalog;
				PRODUCT_NAME = "$(TARGET_NAME)";
				PROVISIONING_PROFILE = "";
			};
			name = Release;
		};
		08C6C39D1CF0DD9D00D4F36C /* Debug */ = {
			isa = XCBuildConfiguration;
			baseConfigurationReference = 2F73E8027E1F9108AF8FB0E7 /* Pods-AppsCatalogTests.debug.xcconfig */;
			buildSettings = {
				BUNDLE_LOADER = "$(TEST_HOST)";
				INFOPLIST_FILE = AppsCatalogTests/Info.plist;
				LD_RUNPATH_SEARCH_PATHS = "$(inherited) @executable_path/Frameworks @loader_path/Frameworks";
				PRODUCT_BUNDLE_IDENTIFIER = co.jaiversin.AppsCatalogTests;
				PRODUCT_NAME = "$(TARGET_NAME)";
				TEST_HOST = "$(BUILT_PRODUCTS_DIR)/AppsCatalog.app/AppsCatalog";
			};
			name = Debug;
		};
		08C6C39E1CF0DD9D00D4F36C /* Release */ = {
			isa = XCBuildConfiguration;
			baseConfigurationReference = 3AAE9458EAD9C38BF4BAE257 /* Pods-AppsCatalogTests.release.xcconfig */;
			buildSettings = {
				BUNDLE_LOADER = "$(TEST_HOST)";
				INFOPLIST_FILE = AppsCatalogTests/Info.plist;
				LD_RUNPATH_SEARCH_PATHS = "$(inherited) @executable_path/Frameworks @loader_path/Frameworks";
				PRODUCT_BUNDLE_IDENTIFIER = co.jaiversin.AppsCatalogTests;
				PRODUCT_NAME = "$(TARGET_NAME)";
				TEST_HOST = "$(BUILT_PRODUCTS_DIR)/AppsCatalog.app/AppsCatalog";
			};
			name = Release;
		};
		08C6C3A01CF0DD9D00D4F36C /* Debug */ = {
			isa = XCBuildConfiguration;
			baseConfigurationReference = 42BD038F00FEE159E9E58C43 /* Pods-AppsCatalogUITests.debug.xcconfig */;
			buildSettings = {
				INFOPLIST_FILE = AppsCatalogUITests/Info.plist;
				LD_RUNPATH_SEARCH_PATHS = "$(inherited) @executable_path/Frameworks @loader_path/Frameworks";
				PRODUCT_BUNDLE_IDENTIFIER = co.jaiversin.AppsCatalogUITests;
				PRODUCT_NAME = "$(TARGET_NAME)";
				TEST_TARGET_NAME = AppsCatalog;
			};
			name = Debug;
		};
		08C6C3A11CF0DD9D00D4F36C /* Release */ = {
			isa = XCBuildConfiguration;
			baseConfigurationReference = 23EB89B588FCFE6EB9D9FC77 /* Pods-AppsCatalogUITests.release.xcconfig */;
			buildSettings = {
				INFOPLIST_FILE = AppsCatalogUITests/Info.plist;
				LD_RUNPATH_SEARCH_PATHS = "$(inherited) @executable_path/Frameworks @loader_path/Frameworks";
				PRODUCT_BUNDLE_IDENTIFIER = co.jaiversin.AppsCatalogUITests;
				PRODUCT_NAME = "$(TARGET_NAME)";
				TEST_TARGET_NAME = AppsCatalog;
			};
			name = Release;
		};
/* End XCBuildConfiguration section */

/* Begin XCConfigurationList section */
		08C6C3691CF0DD9C00D4F36C /* Build configuration list for PBXProject "AppsCatalog" */ = {
			isa = XCConfigurationList;
			buildConfigurations = (
				08C6C3971CF0DD9D00D4F36C /* Debug */,
				08C6C3981CF0DD9D00D4F36C /* Release */,
			);
			defaultConfigurationIsVisible = 0;
			defaultConfigurationName = Release;
		};
		08C6C3991CF0DD9D00D4F36C /* Build configuration list for PBXNativeTarget "AppsCatalog" */ = {
			isa = XCConfigurationList;
			buildConfigurations = (
				08C6C39A1CF0DD9D00D4F36C /* Debug */,
				08C6C39B1CF0DD9D00D4F36C /* Release */,
			);
			defaultConfigurationIsVisible = 0;
			defaultConfigurationName = Release;
		};
		08C6C39C1CF0DD9D00D4F36C /* Build configuration list for PBXNativeTarget "AppsCatalogTests" */ = {
			isa = XCConfigurationList;
			buildConfigurations = (
				08C6C39D1CF0DD9D00D4F36C /* Debug */,
				08C6C39E1CF0DD9D00D4F36C /* Release */,
			);
			defaultConfigurationIsVisible = 0;
			defaultConfigurationName = Release;
		};
		08C6C39F1CF0DD9D00D4F36C /* Build configuration list for PBXNativeTarget "AppsCatalogUITests" */ = {
			isa = XCConfigurationList;
			buildConfigurations = (
				08C6C3A01CF0DD9D00D4F36C /* Debug */,
				08C6C3A11CF0DD9D00D4F36C /* Release */,
			);
			defaultConfigurationIsVisible = 0;
			defaultConfigurationName = Release;
		};
/* End XCConfigurationList section */

/* Begin XCVersionGroup section */
		08C6C3781CF0DD9C00D4F36C /* AppsCatalog.xcdatamodeld */ = {
			isa = XCVersionGroup;
			children = (
				08C6C3791CF0DD9C00D4F36C /* AppsCatalog.xcdatamodel */,
			);
			currentVersion = 08C6C3791CF0DD9C00D4F36C /* AppsCatalog.xcdatamodel */;
			path = AppsCatalog.xcdatamodeld;
			sourceTree = "<group>";
			versionGroupType = wrapper.xcdatamodel;
		};
/* End XCVersionGroup section */
	};
	rootObject = 08C6C3661CF0DD9C00D4F36C /* Project object */;
}
